
Microsoft Visual Studio Solution File, Format Version 12.00
# Visual Studio Version 16
VisualStudioVersion = 16.0.32002.261
MinimumVisualStudioVersion = 10.0.40219.1
Project("{FAE04EC0-301F-11D3-BF4B-00C04F79EFBC}") = "MyFirstWebApp", "MyFirstWebApp\MyFirstWebApp.csproj", "{3620FA54-73C2-41B5-8DE7-69C81568232A}"
EndProject
Global
	GlobalSection(SolutionConfigurationPlatforms) = preSolution
		Debug|Any CPU = Debug|Any CPU
		Release|Any CPU = Release|Any CPU
	EndGlobalSection
	GlobalSection(ProjectConfigurationPlatforms) = postSolution
		{3620FA54-73C2-41B5-8DE7-69C81568232A}.Debug|Any CPU.ActiveCfg = Debug|Any CPU
		{3620FA54-73C2-41B5-8DE7-69C81568232A}.Debug|Any CPU.Build.0 = Debug|Any CPU
		{3620FA54-73C2-41B5-8DE7-69C81568232A}.Release|Any CPU.ActiveCfg = Release|Any CPU
		{3620FA54-73C2-41B5-8DE7-69C81568232A}.Release|Any CPU.Build.0 = Release|Any CPU
	EndGlobalSection
	GlobalSection(SolutionProperties) = preSolution
		HideSolutionNode = FALSE
	EndGlobalSection
	GlobalSection(ExtensibilityGlobals) = postSolution
		SolutionGuid = {69B26C83-CB2F-4BED-B026-558F73197EA9}
	EndGlobalSection
EndGlobal
